
Microsoft Visual Studio Solution File, Format Version 12.00
# Visual Studio Version 17
VisualStudioVersion = 17.7.34202.233
MinimumVisualStudioVersion = 10.0.40219.1
Project("{FAE04EC0-301F-11D3-BF4B-00C04F79EFBC}") = "DemoApi", "DemoApi\DemoApi.csproj", "{2D9A8125-080D-4946-BB79-3CE5663D8784}"
EndProject
Project("{FAE04EC0-301F-11D3-BF4B-00C04F79EFBC}") = "DemoApi.UnitTests", "DemoApi.UnitTests\DemoApi.UnitTests.csproj", "{1871E0B0-ADC3-4458-AE0C-B6977F50A8FD}"
EndProject
Project("{FAE04EC0-301F-11D3-BF4B-00C04F79EFBC}") = "DemoApi.ContractTests", "DemoApi.ContractTests\DemoApi.ContractTests.csproj", "{6E68778E-244E-4A92-BC24-F594CE0E876B}"
EndProject
Global
	GlobalSection(SolutionConfigurationPlatforms) = preSolution
		Debug|Any CPU = Debug|Any CPU
		Release|Any CPU = Release|Any CPU
	EndGlobalSection
	GlobalSection(ProjectConfigurationPlatforms) = postSolution
		{2D9A8125-080D-4946-BB79-3CE5663D8784}.Debug|Any CPU.ActiveCfg = Debug|Any CPU
		{2D9A8125-080D-4946-BB79-3CE5663D8784}.Debug|Any CPU.Build.0 = Debug|Any CPU
		{2D9A8125-080D-4946-BB79-3CE5663D8784}.Release|Any CPU.ActiveCfg = Release|Any CPU
		{2D9A8125-080D-4946-BB79-3CE5663D8784}.Release|Any CPU.Build.0 = Release|Any CPU
		{1871E0B0-ADC3-4458-AE0C-B6977F50A8FD}.Debug|Any CPU.ActiveCfg = Debug|Any CPU
		{1871E0B0-ADC3-4458-AE0C-B6977F50A8FD}.Debug|Any CPU.Build.0 = Debug|Any CPU
		{1871E0B0-ADC3-4458-AE0C-B6977F50A8FD}.Release|Any CPU.ActiveCfg = Release|Any CPU
		{1871E0B0-ADC3-4458-AE0C-B6977F50A8FD}.Release|Any CPU.Build.0 = Release|Any CPU
		{6E68778E-244E-4A92-BC24-F594CE0E876B}.Debug|Any CPU.ActiveCfg = Debug|Any CPU
		{6E68778E-244E-4A92-BC24-F594CE0E876B}.Debug|Any CPU.Build.0 = Debug|Any CPU
		{6E68778E-244E-4A92-BC24-F594CE0E876B}.Release|Any CPU.ActiveCfg = Release|Any CPU
		{6E68778E-244E-4A92-BC24-F594CE0E876B}.Release|Any CPU.Build.0 = Release|Any CPU
	EndGlobalSection
	GlobalSection(SolutionProperties) = preSolution
		HideSolutionNode = FALSE
	EndGlobalSection
	GlobalSection(ExtensibilityGlobals) = postSolution
		SolutionGuid = {1071F873-A24D-43D4-B6B2-304A15AA4980}
	EndGlobalSection
EndGlobal
